
Microsoft Visual Studio Solution File, Format Version 12.00
# Visual Studio Version 17
VisualStudioVersion = 17.1.32328.378
MinimumVisualStudioVersion = 10.0.40219.1
Project("{FAE04EC0-301F-11D3-BF4B-00C04F79EFBC}") = "ECommerce.Auth", "ECommerce.Auth\ECommerce.Auth.csproj", "{8C4C8CCE-371F-4799-AD62-C6CBCE0C9AC2}"
EndProject
Global
	GlobalSection(SolutionConfigurationPlatforms) = preSolution
		Debug|Any CPU = Debug|Any CPU
		Release|Any CPU = Release|Any CPU
	EndGlobalSection
	GlobalSection(ProjectConfigurationPlatforms) = postSolution
		{8C4C8CCE-371F-4799-AD62-C6CBCE0C9AC2}.Debug|Any CPU.ActiveCfg = Debug|Any CPU
		{8C4C8CCE-371F-4799-AD62-C6CBCE0C9AC2}.Debug|Any CPU.Build.0 = Debug|Any CPU
		{8C4C8CCE-371F-4799-AD62-C6CBCE0C9AC2}.Release|Any CPU.ActiveCfg = Release|Any CPU
		{8C4C8CCE-371F-4799-AD62-C6CBCE0C9AC2}.Release|Any CPU.Build.0 = Release|Any CPU
	EndGlobalSection
	GlobalSection(SolutionProperties) = preSolution
		HideSolutionNode = FALSE
	EndGlobalSection
	GlobalSection(ExtensibilityGlobals) = postSolution
		SolutionGuid = {DF648C27-0D8E-4E87-BB6C-5B624B630328}
	EndGlobalSection
EndGlobal
